// !$*UTF8*$!
{
	archiveVersion = 1;
	classes = {
	};
	objectVersion = 46;
	objects = {

/* Begin PBXBuildFile section */
		6E2A58531E461E5E0017D14A /* Main.storyboard in Resources */ = {isa = PBXBuildFile; fileRef = 6E2A58511E461E5E0017D14A /* Main.storyboard */; };
		6E36DD881E4AEA9700A29AB7 /* CardPageViewController.swift in Sources */ = {isa = PBXBuildFile; fileRef = 6E36DD871E4AEA9700A29AB7 /* CardPageViewController.swift */; };
		6E36DD8A1E4B4C8E00A29AB7 /* SortMenuViewController.swift in Sources */ = {isa = PBXBuildFile; fileRef = 6E36DD891E4B4C8E00A29AB7 /* SortMenuViewController.swift */; };
		6E3E6FCC1E496E0E00FAD671 /* CustomCardSegue.swift in Sources */ = {isa = PBXBuildFile; fileRef = 6E3E6FCB1E496E0E00FAD671 /* CustomCardSegue.swift */; };
		6E6963CE1E40479C00D72CD8 /* ItemViewController.swift in Sources */ = {isa = PBXBuildFile; fileRef = 6E6963CD1E40479C00D72CD8 /* ItemViewController.swift */; };
		6E74166B1E48953A005902C9 /* CardViewController.swift in Sources */ = {isa = PBXBuildFile; fileRef = 6E74166A1E48953A005902C9 /* CardViewController.swift */; };
		6E74166D1E48A7C9005902C9 /* DetailCardViewController.swift in Sources */ = {isa = PBXBuildFile; fileRef = 6E74166C1E48A7C9005902C9 /* DetailCardViewController.swift */; };
		6E74166F1E48ACDF005902C9 /* CoverImageView.swift in Sources */ = {isa = PBXBuildFile; fileRef = 6E74166E1E48ACDF005902C9 /* CoverImageView.swift */; };
		6E82396B1E3AC9E5007671E8 /* AppDelegate.swift in Sources */ = {isa = PBXBuildFile; fileRef = 6E82396A1E3AC9E5007671E8 /* AppDelegate.swift */; };
		6E82396D1E3AC9E5007671E8 /* MainVIewController.swift in Sources */ = {isa = PBXBuildFile; fileRef = 6E82396C1E3AC9E5007671E8 /* MainVIewController.swift */; };
		6E8239721E3AC9E5007671E8 /* Assets.xcassets in Resources */ = {isa = PBXBuildFile; fileRef = 6E8239711E3AC9E5007671E8 /* Assets.xcassets */; };
		6E8239751E3AC9E5007671E8 /* LaunchScreen.storyboard in Resources */ = {isa = PBXBuildFile; fileRef = 6E8239731E3AC9E5007671E8 /* LaunchScreen.storyboard */; };
		6E82399D1E3AD972007671E8 /* ItemModule.swift in Sources */ = {isa = PBXBuildFile; fileRef = 6E82399C1E3AD972007671E8 /* ItemModule.swift */; };
		6E89A68B1E3CF28A006FAA43 /* ItemTableViewController.swift in Sources */ = {isa = PBXBuildFile; fileRef = 6E89A68A1E3CF28A006FAA43 /* ItemTableViewController.swift */; };
		6EA5F3E31E446E9C0049EEA8 /* Global.swift in Sources */ = {isa = PBXBuildFile; fileRef = 6EA5F3E21E446E9C0049EEA8 /* Global.swift */; };
		6EDB84E11E416EA500FB863A /* UIExensions.swift in Sources */ = {isa = PBXBuildFile; fileRef = 6EDB84E01E416EA500FB863A /* UIExensions.swift */; };
		6EDB84E31E41AC4B00FB863A /* ItemTableViewCell.swift in Sources */ = {isa = PBXBuildFile; fileRef = 6EDB84E21E41AC4B00FB863A /* ItemTableViewCell.swift */; };
		6EEAE12C1E4809AD00413C11 /* UtilityExtersion.swift in Sources */ = {isa = PBXBuildFile; fileRef = 6EEAE12B1E4809AD00413C11 /* UtilityExtersion.swift */; };
		6EFDDCA91E42FBD8009C9930 /* Pods_AirtableConnector.framework in Frameworks */ = {isa = PBXBuildFile; fileRef = 426D1CD34BF0B2F71C62AE21 /* Pods_AirtableConnector.framework */; };
/* End PBXBuildFile section */

/* Begin PBXFileReference section */
		426D1CD34BF0B2F71C62AE21 /* Pods_AirtableConnector.framework */ = {isa = PBXFileReference; explicitFileType = wrapper.framework; includeInIndex = 0; path = Pods_AirtableConnector.framework; sourceTree = BUILT_PRODUCTS_DIR; };
		6008FF57B32A5675FFD6795E /* Pods-AirtableConnector.debug.xcconfig */ = {isa = PBXFileReference; includeInIndex = 1; lastKnownFileType = text.xcconfig; name = "Pods-AirtableConnector.debug.xcconfig"; path = "Pods/Target Support Files/Pods-AirtableConnector/Pods-AirtableConnector.debug.xcconfig"; sourceTree = "<group>"; };
		6E2A58521E461E5E0017D14A /* Base */ = {isa = PBXFileReference; lastKnownFileType = file.storyboard; name = Base; path = Base.lproj/Main.storyboard; sourceTree = "<group>"; };
		6E36DD871E4AEA9700A29AB7 /* CardPageViewController.swift */ = {isa = PBXFileReference; fileEncoding = 4; lastKnownFileType = sourcecode.swift; path = CardPageViewController.swift; sourceTree = "<group>"; };
		6E36DD891E4B4C8E00A29AB7 /* SortMenuViewController.swift */ = {isa = PBXFileReference; fileEncoding = 4; lastKnownFileType = sourcecode.swift; path = SortMenuViewController.swift; sourceTree = "<group>"; };
		6E3E6FCB1E496E0E00FAD671 /* CustomCardSegue.swift */ = {isa = PBXFileReference; fileEncoding = 4; lastKnownFileType = sourcecode.swift; path = CustomCardSegue.swift; sourceTree = "<group>"; };
		6E6963CD1E40479C00D72CD8 /* ItemViewController.swift */ = {isa = PBXFileReference; fileEncoding = 4; lastKnownFileType = sourcecode.swift; path = ItemViewController.swift; sourceTree = "<group>"; };
		6E74166A1E48953A005902C9 /* CardViewController.swift */ = {isa = PBXFileReference; fileEncoding = 4; lastKnownFileType = sourcecode.swift; path = CardViewController.swift; sourceTree = "<group>"; };
		6E74166C1E48A7C9005902C9 /* DetailCardViewController.swift */ = {isa = PBXFileReference; fileEncoding = 4; lastKnownFileType = sourcecode.swift; path = DetailCardViewController.swift; sourceTree = "<group>"; };
		6E74166E1E48ACDF005902C9 /* CoverImageView.swift */ = {isa = PBXFileReference; fileEncoding = 4; lastKnownFileType = sourcecode.swift; path = CoverImageView.swift; sourceTree = "<group>"; };
		6E8239671E3AC9E5007671E8 /* AirtableConnector.app */ = {isa = PBXFileReference; explicitFileType = wrapper.application; includeInIndex = 0; path = AirtableConnector.app; sourceTree = BUILT_PRODUCTS_DIR; };
		6E82396A1E3AC9E5007671E8 /* AppDelegate.swift */ = {isa = PBXFileReference; lastKnownFileType = sourcecode.swift; path = AppDelegate.swift; sourceTree = "<group>"; };
		6E82396C1E3AC9E5007671E8 /* MainVIewController.swift */ = {isa = PBXFileReference; lastKnownFileType = sourcecode.swift; path = MainVIewController.swift; sourceTree = "<group>"; };
		6E8239711E3AC9E5007671E8 /* Assets.xcassets */ = {isa = PBXFileReference; lastKnownFileType = folder.assetcatalog; path = Assets.xcassets; sourceTree = "<group>"; };
		6E8239741E3AC9E5007671E8 /* Base */ = {isa = PBXFileReference; lastKnownFileType = file.storyboard; name = Base; path = Base.lproj/LaunchScreen.storyboard; sourceTree = "<group>"; };
		6E8239761E3AC9E5007671E8 /* Info.plist */ = {isa = PBXFileReference; lastKnownFileType = text.plist.xml; path = Info.plist; sourceTree = "<group>"; };
		6E82399C1E3AD972007671E8 /* ItemModule.swift */ = {isa = PBXFileReference; fileEncoding = 4; lastKnownFileType = sourcecode.swift; path = ItemModule.swift; sourceTree = "<group>"; };
		6E89A68A1E3CF28A006FAA43 /* ItemTableViewController.swift */ = {isa = PBXFileReference; fileEncoding = 4; lastKnownFileType = sourcecode.swift; path = ItemTableViewController.swift; sourceTree = "<group>"; };
		6EA5F3E21E446E9C0049EEA8 /* Global.swift */ = {isa = PBXFileReference; fileEncoding = 4; lastKnownFileType = sourcecode.swift; path = Global.swift; sourceTree = "<group>"; };
		6EDB84E01E416EA500FB863A /* UIExensions.swift */ = {isa = PBXFileReference; fileEncoding = 4; lastKnownFileType = sourcecode.swift; path = UIExensions.swift; sourceTree = "<group>"; usesTabs = 0; };
		6EDB84E21E41AC4B00FB863A /* ItemTableViewCell.swift */ = {isa = PBXFileReference; fileEncoding = 4; lastKnownFileType = sourcecode.swift; path = ItemTableViewCell.swift; sourceTree = "<group>"; };
		6EEAE12B1E4809AD00413C11 /* UtilityExtersion.swift */ = {isa = PBXFileReference; fileEncoding = 4; lastKnownFileType = sourcecode.swift; path = UtilityExtersion.swift; sourceTree = "<group>"; };
		B5E17F375AD5489059957410 /* Pods-AirtableConnector.release.xcconfig */ = {isa = PBXFileReference; includeInIndex = 1; lastKnownFileType = text.xcconfig; name = "Pods-AirtableConnector.release.xcconfig"; path = "Pods/Target Support Files/Pods-AirtableConnector/Pods-AirtableConnector.release.xcconfig"; sourceTree = "<group>"; };
/* End PBXFileReference section */

/* Begin PBXFrameworksBuildPhase section */
		6E8239641E3AC9E5007671E8 /* Frameworks */ = {
			isa = PBXFrameworksBuildPhase;
			buildActionMask = 2147483647;
			files = (
				6EFDDCA91E42FBD8009C9930 /* Pods_AirtableConnector.framework in Frameworks */,
			);
			runOnlyForDeploymentPostprocessing = 0;
		};
/* End PBXFrameworksBuildPhase section */

/* Begin PBXGroup section */
		0D021F7CBDED9DB388E2296B /* Frameworks */ = {
			isa = PBXGroup;
			children = (
				426D1CD34BF0B2F71C62AE21 /* Pods_AirtableConnector.framework */,
			);
			name = Frameworks;
			sourceTree = "<group>";
		};
		6E82395E1E3AC9E5007671E8 = {
			isa = PBXGroup;
			children = (
				6E8239691E3AC9E5007671E8 /* AirtableConnector */,
				6E8239681E3AC9E5007671E8 /* Products */,
				D8D3E60958BBBC441963D62F /* Pods */,
				0D021F7CBDED9DB388E2296B /* Frameworks */,
			);
			sourceTree = "<group>";
		};
		6E8239681E3AC9E5007671E8 /* Products */ = {
			isa = PBXGroup;
			children = (
				6E8239671E3AC9E5007671E8 /* AirtableConnector.app */,
			);
			name = Products;
			sourceTree = "<group>";
		};
		6E8239691E3AC9E5007671E8 /* AirtableConnector */ = {
			isa = PBXGroup;
			children = (
				6E2A58511E461E5E0017D14A /* Main.storyboard */,
				6E82396C1E3AC9E5007671E8 /* MainVIewController.swift */,
				6E6963CD1E40479C00D72CD8 /* ItemViewController.swift */,
				6E36DD891E4B4C8E00A29AB7 /* SortMenuViewController.swift */,
				6E89A68A1E3CF28A006FAA43 /* ItemTableViewController.swift */,
				6E36DD871E4AEA9700A29AB7 /* CardPageViewController.swift */,
				6E74166A1E48953A005902C9 /* CardViewController.swift */,
				6E74166C1E48A7C9005902C9 /* DetailCardViewController.swift */,
				6E82399C1E3AD972007671E8 /* ItemModule.swift */,
				6EA9832B1E40322E0082680F /* CustumUIItem */,
				6E8239991E3ACAD9007671E8 /* Assets */,
			);
			path = AirtableConnector;
			sourceTree = "<group>";
		};
		6E8239991E3ACAD9007671E8 /* Assets */ = {
			isa = PBXGroup;
			children = (
				6E82396A1E3AC9E5007671E8 /* AppDelegate.swift */,
				6E8239731E3AC9E5007671E8 /* LaunchScreen.storyboard */,
				6E8239761E3AC9E5007671E8 /* Info.plist */,
				6E8239711E3AC9E5007671E8 /* Assets.xcassets */,
			);
			name = Assets;
			sourceTree = "<group>";
		};
		6EA9832B1E40322E0082680F /* CustumUIItem */ = {
			isa = PBXGroup;
			children = (
				6E74166E1E48ACDF005902C9 /* CoverImageView.swift */,
				6EDB84E21E41AC4B00FB863A /* ItemTableViewCell.swift */,
				6E3E6FCB1E496E0E00FAD671 /* CustomCardSegue.swift */,
				6EDB84E01E416EA500FB863A /* UIExensions.swift */,
				6EA5F3E21E446E9C0049EEA8 /* Global.swift */,
				6EEAE12B1E4809AD00413C11 /* UtilityExtersion.swift */,
			);
			name = CustumUIItem;
			sourceTree = "<group>";
		};
		D8D3E60958BBBC441963D62F /* Pods */ = {
			isa = PBXGroup;
			children = (
				6008FF57B32A5675FFD6795E /* Pods-AirtableConnector.debug.xcconfig */,
				B5E17F375AD5489059957410 /* Pods-AirtableConnector.release.xcconfig */,
			);
			name = Pods;
			sourceTree = "<group>";
		};
/* End PBXGroup section */

/* Begin PBXNativeTarget section */
		6E8239661E3AC9E5007671E8 /* AirtableConnector */ = {
			isa = PBXNativeTarget;
			buildConfigurationList = 6E82398F1E3AC9E5007671E8 /* Build configuration list for PBXNativeTarget "AirtableConnector" */;
			buildPhases = (
				D45591D959CE28D6FCD1EE2F /* [CP] Check Pods Manifest.lock */,
				6E8239631E3AC9E5007671E8 /* Sources */,
				6E8239641E3AC9E5007671E8 /* Frameworks */,
				6E8239651E3AC9E5007671E8 /* Resources */,
				6F04F81692EB713EE6C02A68 /* [CP] Embed Pods Frameworks */,
				26ACD729F88F9C7C871F4973 /* [CP] Copy Pods Resources */,
			);
			buildRules = (
			);
			dependencies = (
			);
			name = AirtableConnector;
			productName = AirtableConnector;
			productReference = 6E8239671E3AC9E5007671E8 /* AirtableConnector.app */;
			productType = "com.apple.product-type.application";
		};
/* End PBXNativeTarget section */

/* Begin PBXProject section */
		6E82395F1E3AC9E5007671E8 /* Project object */ = {
			isa = PBXProject;
			attributes = {
				LastSwiftUpdateCheck = 0820;
				LastUpgradeCheck = 0820;
				ORGANIZATIONNAME = "唐敬哲";
				TargetAttributes = {
					6E8239661E3AC9E5007671E8 = {
						CreatedOnToolsVersion = 8.2.1;
						DevelopmentTeam = 2ABALYSW9Q;
						ProvisioningStyle = Automatic;
					};
				};
			};
			buildConfigurationList = 6E8239621E3AC9E5007671E8 /* Build configuration list for PBXProject "AirtableConnector" */;
			compatibilityVersion = "Xcode 3.2";
			developmentRegion = English;
			hasScannedForEncodings = 0;
			knownRegions = (
				en,
				Base,
			);
			mainGroup = 6E82395E1E3AC9E5007671E8;
			productRefGroup = 6E8239681E3AC9E5007671E8 /* Products */;
			projectDirPath = "";
			projectRoot = "";
			targets = (
				6E8239661E3AC9E5007671E8 /* AirtableConnector */,
			);
		};
/* End PBXProject section */

/* Begin PBXResourcesBuildPhase section */
		6E8239651E3AC9E5007671E8 /* Resources */ = {
			isa = PBXResourcesBuildPhase;
			buildActionMask = 2147483647;
			files = (
				6E2A58531E461E5E0017D14A /* Main.storyboard in Resources */,
				6E8239751E3AC9E5007671E8 /* LaunchScreen.storyboard in Resources */,
				6E8239721E3AC9E5007671E8 /* Assets.xcassets in Resources */,
			);
			runOnlyForDeploymentPostprocessing = 0;
		};
/* End PBXResourcesBuildPhase section */

/* Begin PBXShellScriptBuildPhase section */
		26ACD729F88F9C7C871F4973 /* [CP] Copy Pods Resources */ = {
			isa = PBXShellScriptBuildPhase;
			buildActionMask = 2147483647;
			files = (
			);
			inputPaths = (
			);
			name = "[CP] Copy Pods Resources";
			outputPaths = (
			);
			runOnlyForDeploymentPostprocessing = 0;
			shellPath = /bin/sh;
			shellScript = "\"${SRCROOT}/Pods/Target Support Files/Pods-AirtableConnector/Pods-AirtableConnector-resources.sh\"\n";
			showEnvVarsInLog = 0;
		};
		6F04F81692EB713EE6C02A68 /* [CP] Embed Pods Frameworks */ = {
			isa = PBXShellScriptBuildPhase;
			buildActionMask = 2147483647;
			files = (
			);
			inputPaths = (
			);
			name = "[CP] Embed Pods Frameworks";
			outputPaths = (
			);
			runOnlyForDeploymentPostprocessing = 0;
			shellPath = /bin/sh;
			shellScript = "\"${SRCROOT}/Pods/Target Support Files/Pods-AirtableConnector/Pods-AirtableConnector-frameworks.sh\"\n";
			showEnvVarsInLog = 0;
		};
		D45591D959CE28D6FCD1EE2F /* [CP] Check Pods Manifest.lock */ = {
			isa = PBXShellScriptBuildPhase;
			buildActionMask = 2147483647;
			files = (
			);
			inputPaths = (
			);
			name = "[CP] Check Pods Manifest.lock";
			outputPaths = (
			);
			runOnlyForDeploymentPostprocessing = 0;
			shellPath = /bin/sh;
			shellScript = "diff \"${PODS_ROOT}/../Podfile.lock\" \"${PODS_ROOT}/Manifest.lock\" > /dev/null\nif [ $? != 0 ] ; then\n    # print error to STDERR\n    echo \"error: The sandbox is not in sync with the Podfile.lock. Run 'pod install' or update your CocoaPods installation.\" >&2\n    exit 1\nfi\n";
			showEnvVarsInLog = 0;
		};
/* End PBXShellScriptBuildPhase section */

/* Begin PBXSourcesBuildPhase section */
		6E8239631E3AC9E5007671E8 /* Sources */ = {
			isa = PBXSourcesBuildPhase;
			buildActionMask = 2147483647;
			files = (
				6E36DD8A1E4B4C8E00A29AB7 /* SortMenuViewController.swift in Sources */,
				6E89A68B1E3CF28A006FAA43 /* ItemTableViewController.swift in Sources */,
				6EDB84E31E41AC4B00FB863A /* ItemTableViewCell.swift in Sources */,
				6E6963CE1E40479C00D72CD8 /* ItemViewController.swift in Sources */,
				6E82399D1E3AD972007671E8 /* ItemModule.swift in Sources */,
				6E74166D1E48A7C9005902C9 /* DetailCardViewController.swift in Sources */,
				6E82396D1E3AC9E5007671E8 /* MainVIewController.swift in Sources */,
				6E3E6FCC1E496E0E00FAD671 /* CustomCardSegue.swift in Sources */,
				6EA5F3E31E446E9C0049EEA8 /* Global.swift in Sources */,
				6E74166F1E48ACDF005902C9 /* CoverImageView.swift in Sources */,
				6E74166B1E48953A005902C9 /* CardViewController.swift in Sources */,
				6EEAE12C1E4809AD00413C11 /* UtilityExtersion.swift in Sources */,
				6E36DD881E4AEA9700A29AB7 /* CardPageViewController.swift in Sources */,
				6E82396B1E3AC9E5007671E8 /* AppDelegate.swift in Sources */,
				6EDB84E11E416EA500FB863A /* UIExensions.swift in Sources */,
			);
			runOnlyForDeploymentPostprocessing = 0;
		};
/* End PBXSourcesBuildPhase section */

/* Begin PBXVariantGroup section */
		6E2A58511E461E5E0017D14A /* Main.storyboard */ = {
			isa = PBXVariantGroup;
			children = (
				6E2A58521E461E5E0017D14A /* Base */,
			);
			name = Main.storyboard;
			sourceTree = "<group>";
		};
		6E8239731E3AC9E5007671E8 /* LaunchScreen.storyboard */ = {
			isa = PBXVariantGroup;
			children = (
				6E8239741E3AC9E5007671E8 /* Base */,
			);
			name = LaunchScreen.storyboard;
			sourceTree = "<group>";
		};
/* End PBXVariantGroup section */

/* Begin XCBuildConfiguration section */
		6E82398D1E3AC9E5007671E8 /* Debug */ = {
			isa = XCBuildConfiguration;
			buildSettings = {
				ALWAYS_SEARCH_USER_PATHS = NO;
				CLANG_ANALYZER_NONNULL = YES;
				CLANG_CXX_LANGUAGE_STANDARD = "gnu++0x";
				CLANG_CXX_LIBRARY = "libc++";
				CLANG_ENABLE_MODULES = YES;
				CLANG_ENABLE_OBJC_ARC = YES;
				CLANG_WARN_BOOL_CONVERSION = YES;
				CLANG_WARN_CONSTANT_CONVERSION = YES;
				CLANG_WARN_DIRECT_OBJC_ISA_USAGE = YES_ERROR;
				CLANG_WARN_DOCUMENTATION_COMMENTS = YES;
				CLANG_WARN_EMPTY_BODY = YES;
				CLANG_WARN_ENUM_CONVERSION = YES;
				CLANG_WARN_INFINITE_RECURSION = YES;
				CLANG_WARN_INT_CONVERSION = YES;
				CLANG_WARN_OBJC_ROOT_CLASS = YES_ERROR;
				CLANG_WARN_SUSPICIOUS_MOVE = YES;
				CLANG_WARN_UNREACHABLE_CODE = YES;
				CLANG_WARN__DUPLICATE_METHOD_MATCH = YES;
				"CODE_SIGN_IDENTITY[sdk=iphoneos*]" = "iPhone Developer";
				COPY_PHASE_STRIP = NO;
				DEBUG_INFORMATION_FORMAT = dwarf;
				ENABLE_BITCODE = YES;
				ENABLE_STRICT_OBJC_MSGSEND = YES;
				ENABLE_TESTABILITY = YES;
				GCC_C_LANGUAGE_STANDARD = gnu99;
				GCC_DYNAMIC_NO_PIC = NO;
				GCC_NO_COMMON_BLOCKS = YES;
				GCC_OPTIMIZATION_LEVEL = 0;
				GCC_PREPROCESSOR_DEFINITIONS = (
					"DEBUG=1",
					"$(inherited)",
				);
				GCC_WARN_64_TO_32_BIT_CONVERSION = YES;
				GCC_WARN_ABOUT_RETURN_TYPE = YES_ERROR;
				GCC_WARN_UNDECLARED_SELECTOR = YES;
				GCC_WARN_UNINITIALIZED_AUTOS = YES_AGGRESSIVE;
				GCC_WARN_UNUSED_FUNCTION = YES;
				GCC_WARN_UNUSED_VARIABLE = YES;
				IPHONEOS_DEPLOYMENT_TARGET = 10.2;
				MTL_ENABLE_DEBUG_INFO = YES;
				ONLY_ACTIVE_ARCH = YES;
				SDKROOT = iphoneos;
				SWIFT_ACTIVE_COMPILATION_CONDITIONS = DEBUG;
				SWIFT_OPTIMIZATION_LEVEL = "-Onone";
			};
			name = Debug;
		};
		6E82398E1E3AC9E5007671E8 /* Release */ = {
			isa = XCBuildConfiguration;
			buildSettings = {
				ALWAYS_SEARCH_USER_PATHS = NO;
				CLANG_ANALYZER_NONNULL = YES;
				CLANG_CXX_LANGUAGE_STANDARD = "gnu++0x";
				CLANG_CXX_LIBRARY = "libc++";
				CLANG_ENABLE_MODULES = YES;
				CLANG_ENABLE_OBJC_ARC = YES;
				CLANG_WARN_BOOL_CONVERSION = YES;
				CLANG_WARN_CONSTANT_CONVERSION = YES;
				CLANG_WARN_DIRECT_OBJC_ISA_USAGE = YES_ERROR;
				CLANG_WARN_DOCUMENTATION_COMMENTS = YES;
				CLANG_WARN_EMPTY_BODY = YES;
				CLANG_WARN_ENUM_CONVERSION = YES;
				CLANG_WARN_INFINITE_RECURSION = YES;
				CLANG_WARN_INT_CONVERSION = YES;
				CLANG_WARN_OBJC_ROOT_CLASS = YES_ERROR;
				CLANG_WARN_SUSPICIOUS_MOVE = YES;
				CLANG_WARN_UNREACHABLE_CODE = YES;
				CLANG_WARN__DUPLICATE_METHOD_MATCH = YES;
				"CODE_SIGN_IDENTITY[sdk=iphoneos*]" = "iPhone Developer";
				COPY_PHASE_STRIP = NO;
				DEBUG_INFORMATION_FORMAT = "dwarf-with-dsym";
				ENABLE_BITCODE = YES;
				ENABLE_NS_ASSERTIONS = NO;
				ENABLE_STRICT_OBJC_MSGSEND = YES;
				GCC_C_LANGUAGE_STANDARD = gnu99;
				GCC_NO_COMMON_BLOCKS = YES;
				GCC_WARN_64_TO_32_BIT_CONVERSION = YES;
				GCC_WARN_ABOUT_RETURN_TYPE = YES_ERROR;
				GCC_WARN_UNDECLARED_SELECTOR = YES;
				GCC_WARN_UNINITIALIZED_AUTOS = YES_AGGRESSIVE;
				GCC_WARN_UNUSED_FUNCTION = YES;
				GCC_WARN_UNUSED_VARIABLE = YES;
				IPHONEOS_DEPLOYMENT_TARGET = 10.2;
				MTL_ENABLE_DEBUG_INFO = NO;
				SDKROOT = iphoneos;
				SWIFT_OPTIMIZATION_LEVEL = "-Owholemodule";
				VALIDATE_PRODUCT = YES;
			};
			name = Release;
		};
		6E8239901E3AC9E5007671E8 /* Debug */ = {
			isa = XCBuildConfiguration;
			baseConfigurationReference = 6008FF57B32A5675FFD6795E /* Pods-AirtableConnector.debug.xcconfig */;
			buildSettings = {
				ALWAYS_EMBED_SWIFT_STANDARD_LIBRARIES = YES;
				ASSETCATALOG_COMPILER_APPICON_NAME = AppIcon;
				DEVELOPMENT_TEAM = 2ABALYSW9Q;
				INFOPLIST_FILE = AirtableConnector/Info.plist;
				LD_RUNPATH_SEARCH_PATHS = "$(inherited) @executable_path/Frameworks";
				PRODUCT_BUNDLE_IDENTIFIER = ivan.tang.AirtableConnector;
				PRODUCT_NAME = "$(TARGET_NAME)";
				SWIFT_VERSION = 3.0;
			};
			name = Debug;
		};
		6E8239911E3AC9E5007671E8 /* Release */ = {
			isa = XCBuildConfiguration;
			baseConfigurationReference = B5E17F375AD5489059957410 /* Pods-AirtableConnector.release.xcconfig */;
			buildSettings = {
				ALWAYS_EMBED_SWIFT_STANDARD_LIBRARIES = YES;
				ASSETCATALOG_COMPILER_APPICON_NAME = AppIcon;
				DEVELOPMENT_TEAM = 2ABALYSW9Q;
				INFOPLIST_FILE = AirtableConnector/Info.plist;
				LD_RUNPATH_SEARCH_PATHS = "$(inherited) @executable_path/Frameworks";
				PRODUCT_BUNDLE_IDENTIFIER = ivan.tang.AirtableConnector;
				PRODUCT_NAME = "$(TARGET_NAME)";
				SWIFT_VERSION = 3.0;
			};
			name = Release;
		};
/* End XCBuildConfiguration section */

/* Begin XCConfigurationList section */
		6E8239621E3AC9E5007671E8 /* Build configuration list for PBXProject "AirtableConnector" */ = {
			isa = XCConfigurationList;
			buildConfigurations = (
				6E82398D1E3AC9E5007671E8 /* Debug */,
				6E82398E1E3AC9E5007671E8 /* Release */,
			);
			defaultConfigurationIsVisible = 0;
			defaultConfigurationName = Release;
		};
		6E82398F1E3AC9E5007671E8 /* Build configuration list for PBXNativeTarget "AirtableConnector" */ = {
			isa = XCConfigurationList;
			buildConfigurations = (
				6E8239901E3AC9E5007671E8 /* Debug */,
				6E8239911E3AC9E5007671E8 /* Release */,
			);
			defaultConfigurationIsVisible = 0;
			defaultConfigurationName = Release;
		};
/* End XCConfigurationList section */
	};
	rootObject = 6E82395F1E3AC9E5007671E8 /* Project object */;
}
